{
    "_readme": [
        "This file locks the dependencies of your project to a known state",
        "Read more about it at https://getcomposer.org/doc/01-basic-usage.md#installing-dependencies",
        "This file is @generated automatically"
    ],
    "content-hash": "6a57544df66edff4ca3a6200669e7be9",
    "packages": [
        {
            "name": "psr/log",
            "version": "1.1.4",
            "source": {
                "type": "git",
                "url": "https://github.com/php-fig/log.git",
                "reference": "d49695b909c3b7628b6289db5479a1c204601f11"
            },
            "dist": {
                "type": "zip",
                "url": "https://api.github.com/repos/php-fig/log/zipball/d49695b909c3b7628b6289db5479a1c204601f11",
                "reference": "d49695b909c3b7628b6289db5479a1c204601f11",
                "shasum": ""
            },
            "require": {
                "php": ">=5.3.0"
            },
            "type": "library",
            "extra": {
                "branch-alias": {
                    "dev-master": "1.1.x-dev"
                }
            },
            "autoload": {
                "psr-4": {
                    "Psr\\Log\\": "Psr/Log/"
                }
            },
            "notification-url": "https://packagist.org/downloads/",
            "license": [
                "MIT"
            ],
            "authors": [
                {
                    "name": "PHP-FIG",
                    "homepage": "https://www.php-fig.org/"
                }
            ],
            "description": "Common interface for logging libraries",
            "homepage": "https://github.com/php-fig/log",
            "keywords": [
                "log",
                "psr",
                "psr-3"
            ],
            "support": {
                "source": "https://github.com/php-fig/log/tree/1.1.4"
            },
            "time": "2021-05-03T11:20:27+00:00"
        },
        {
            "name": "stanx/fabiang-xmpp",
            "version": "0.8.0",
            "source": {
                "type": "git",
                "url": "https://github.com/stanxdev/fabiang-xmpp.git",
                "reference": "2165b8c61f0ed1d5733cc4cd892f0ade7456cc8d"
            },
            "dist": {
                "type": "zip",
                "url": "https://api.github.com/repos/stanxdev/fabiang-xmpp/zipball/2165b8c61f0ed1d5733cc4cd892f0ade7456cc8d",
                "reference": "2165b8c61f0ed1d5733cc4cd892f0ade7456cc8d",
                "shasum": ""
            },
            "require": {
                "php": "^7.0 || ^8.0",
                "psr/log": "^1.0"
            },
            "require-dev": {
                "behat/behat": "^2.5.5",
                "monolog/monolog": "^1.22",
                "phpunit/phpunit": "^5.7.20",
                "satooshi/php-coveralls": "^1.0",
                "symfony/console": "^2.8",
                "symfony/dependency-injection": "^2.8",
                "symfony/finder": "^2.8"
            },
            "suggest": {
                "psr/log-implementation": "Allows more advanced logging of the xmpp connection"
            },
            "type": "library",
            "extra": {
                "branch-alias": {
                    "dev-master": "1.0.x-dev"
                }
            },
            "autoload": {
                "psr-4": {
                    "Fabiang\\Xmpp\\": "src/"
                }
            },
            "notification-url": "https://packagist.org/downloads/",
            "license": [
                "BSD-2-Clause"
            ],
            "authors": [
                {
                    "name": "Fabian Grutschus",
                    "email": "f.grutschus@lubyte.de",
                    "homepage": "http://www.lubyte.de/",
                    "role": "developer"
                }
            ],
            "description": "Library for XMPP protocol (Jabber) connections",
            "homepage": "https://github.com/stanxdev/fabiang-xmpp",
            "keywords": [
                "jabber",
                "xmpp"
            ],
            "support": {
                "source": "https://github.com/stanxdev/fabiang-xmpp/tree/0.8.0"
            },
            "time": "2021-01-25T09:46:31+00:00"
        }
    ],
    "packages-dev": [],
    "aliases": [],
    "minimum-stability": "stable",
    "stability-flags": [],
    "prefer-stable": false,
    "prefer-lowest": false,
    "platform": [],
    "platform-dev": [],
    "plugin-api-version": "2.1.0"
}
